
Microsoft Visual Studio Solution File, Format Version 11.00
# Visual C# Express 2010
Project("{FAE04EC0-301F-11D3-BF4B-00C04F79EFBC}") = "AdminToolOne", "AdminToolOne\AdminToolOne.csproj", "{29AC6406-082C-4642-AA4C-8C085DD1D4E9}"
EndProject
Global
	GlobalSection(SolutionConfigurationPlatforms) = preSolution
		Debug|x86 = Debug|x86
		Release|x86 = Release|x86
	EndGlobalSection
	GlobalSection(ProjectConfigurationPlatforms) = postSolution
		{29AC6406-082C-4642-AA4C-8C085DD1D4E9}.Debug|x86.ActiveCfg = Debug|x86
		{29AC6406-082C-4642-AA4C-8C085DD1D4E9}.Debug|x86.Build.0 = Debug|x86
		{29AC6406-082C-4642-AA4C-8C085DD1D4E9}.Release|x86.ActiveCfg = Release|x86
		{29AC6406-082C-4642-AA4C-8C085DD1D4E9}.Release|x86.Build.0 = Release|x86
	EndGlobalSection
	GlobalSection(SolutionProperties) = preSolution
		HideSolutionNode = FALSE
	EndGlobalSection
EndGlobal
